{
  "version": 4,
  "terraform_version": "1.10.5",
  "serial": 135,
  "lineage": "db2d242a-20a1-0709-2070-3044422fc4df",
  "outputs": {},
  "resources": [
    {
      "module": "module.VPC",
      "mode": "managed",
      "type": "aws_internet_gateway",
      "name": "igw",
      "provider": "provider[\"registry.terraform.io/hashicorp/aws\"]",
      "instances": [
        {
          "schema_version": 0,
          "attributes": {
            "arn": "arn:aws:ec2:eu-west-1:708753061793:internet-gateway/igw-06f3dd1a7a0023f88",
            "id": "igw-06f3dd1a7a0023f88",
            "owner_id": "708753061793",
            "tags": {
              "Name": "my_internet_gateway"
            },
            "tags_all": {
              "Name": "my_internet_gateway"
            },
            "timeouts": null,
            "vpc_id": "vpc-0a482a3b8c98429f0"
          },
          "sensitive_attributes": [],
          "private": "eyJlMmJmYjczMC1lY2FhLTExZTYtOGY4OC0zNDM2M2JjN2M0YzAiOnsiY3JlYXRlIjoxMjAwMDAwMDAwMDAwLCJkZWxldGUiOjEyMDAwMDAwMDAwMDAsInVwZGF0ZSI6MTIwMDAwMDAwMDAwMH19",
          "dependencies": [
            "module.VPC.aws_vpc.vpc_for_web_server"
          ]
        }
      ]
    },
    {
      "module": "module.VPC",
      "mode": "managed",
      "type": "aws_route_table",
      "name": "public_rt",
      "provider": "provider[\"registry.terraform.io/hashicorp/aws\"]",
      "instances": [
        {
          "schema_version": 0,
          "attributes": {
            "arn": "arn:aws:ec2:eu-west-1:708753061793:route-table/rtb-0a0c6fe496b263ca5",
            "id": "rtb-0a0c6fe496b263ca5",
            "owner_id": "708753061793",
            "propagating_vgws": [],
            "route": [
              {
                "carrier_gateway_id": "",
                "cidr_block": "0.0.0.0/0",
                "core_network_arn": "",
                "destination_prefix_list_id": "",
                "egress_only_gateway_id": "",
                "gateway_id": "igw-06f3dd1a7a0023f88",
                "ipv6_cidr_block": "",
                "local_gateway_id": "",
                "nat_gateway_id": "",
                "network_interface_id": "",
                "transit_gateway_id": "",
                "vpc_endpoint_id": "",
                "vpc_peering_connection_id": ""
              }
            ],
            "tags": {
              "Name": "public_route_table"
            },
            "tags_all": {
              "Name": "public_route_table"
            },
            "timeouts": null,
            "vpc_id": "vpc-0a482a3b8c98429f0"
          },
          "sensitive_attributes": [],
          "private": "eyJlMmJmYjczMC1lY2FhLTExZTYtOGY4OC0zNDM2M2JjN2M0YzAiOnsiY3JlYXRlIjozMDAwMDAwMDAwMDAsImRlbGV0ZSI6MzAwMDAwMDAwMDAwLCJ1cGRhdGUiOjEyMDAwMDAwMDAwMH19",
          "dependencies": [
            "module.VPC.aws_internet_gateway.igw",
            "module.VPC.aws_vpc.vpc_for_web_server"
          ]
        }
      ]
    },
    {
      "module": "module.VPC",
      "mode": "managed",
      "type": "aws_route_table_association",
      "name": "public_association",
      "provider": "provider[\"registry.terraform.io/hashicorp/aws\"]",
      "instances": [
        {
          "schema_version": 0,
          "attributes": {
            "gateway_id": "",
            "id": "rtbassoc-09254009318cc46a1",
            "route_table_id": "rtb-0a0c6fe496b263ca5",
            "subnet_id": "subnet-0b55225b0852cbc24",
            "timeouts": null
          },
          "sensitive_attributes": [],
          "private": "eyJlMmJmYjczMC1lY2FhLTExZTYtOGY4OC0zNDM2M2JjN2M0YzAiOnsiY3JlYXRlIjozMDAwMDAwMDAwMDAsImRlbGV0ZSI6MzAwMDAwMDAwMDAwLCJ1cGRhdGUiOjEyMDAwMDAwMDAwMH19",
          "dependencies": [
            "module.VPC.aws_internet_gateway.igw",
            "module.VPC.aws_route_table.public_rt",
            "module.VPC.aws_subnet.public",
            "module.VPC.aws_vpc.vpc_for_web_server"
          ]
        }
      ]
    },
    {
      "module": "module.VPC",
      "mode": "managed",
      "type": "aws_subnet",
      "name": "public",
      "provider": "provider[\"registry.terraform.io/hashicorp/aws\"]",
      "instances": [
        {
          "schema_version": 1,
          "attributes": {
            "arn": "arn:aws:ec2:eu-west-1:708753061793:subnet/subnet-0b55225b0852cbc24",
            "assign_ipv6_address_on_creation": false,
            "availability_zone": "eu-west-1a",
            "availability_zone_id": "euw1-az1",
            "cidr_block": "10.0.1.0/24",
            "customer_owned_ipv4_pool": "",
            "enable_dns64": false,
            "enable_lni_at_device_index": 0,
            "enable_resource_name_dns_a_record_on_launch": false,
            "enable_resource_name_dns_aaaa_record_on_launch": false,
            "id": "subnet-0b55225b0852cbc24",
            "ipv6_cidr_block": "",
            "ipv6_cidr_block_association_id": "",
            "ipv6_native": false,
            "map_customer_owned_ip_on_launch": false,
            "map_public_ip_on_launch": true,
            "outpost_arn": "",
            "owner_id": "708753061793",
            "private_dns_hostname_type_on_launch": "ip-name",
            "tags": {
              "Name": "public_subnet"
            },
            "tags_all": {
              "Name": "public_subnet"
            },
            "timeouts": null,
            "vpc_id": "vpc-0a482a3b8c98429f0"
          },
          "sensitive_attributes": [],
          "private": "eyJlMmJmYjczMC1lY2FhLTExZTYtOGY4OC0zNDM2M2JjN2M0YzAiOnsiY3JlYXRlIjo2MDAwMDAwMDAwMDAsImRlbGV0ZSI6MTIwMDAwMDAwMDAwMH0sInNjaGVtYV92ZXJzaW9uIjoiMSJ9",
          "dependencies": [
            "module.VPC.aws_vpc.vpc_for_web_server"
          ]
        }
      ]
    },
    {
      "module": "module.VPC",
      "mode": "managed",
      "type": "aws_vpc",
      "name": "vpc_for_web_server",
      "provider": "provider[\"registry.terraform.io/hashicorp/aws\"]",
      "instances": [
        {
          "schema_version": 1,
          "attributes": {
            "arn": "arn:aws:ec2:eu-west-1:708753061793:vpc/vpc-0a482a3b8c98429f0",
            "assign_generated_ipv6_cidr_block": false,
            "cidr_block": "10.0.0.0/16",
            "default_network_acl_id": "acl-06cda62b94a8330dc",
            "default_route_table_id": "rtb-0ffbfc0f0ea2a3680",
            "default_security_group_id": "sg-07d13a60bba7917e5",
            "dhcp_options_id": "dopt-038c4b51f32228d0f",
            "enable_dns_hostnames": false,
            "enable_dns_support": true,
            "enable_network_address_usage_metrics": false,
            "id": "vpc-0a482a3b8c98429f0",
            "instance_tenancy": "default",
            "ipv4_ipam_pool_id": null,
            "ipv4_netmask_length": null,
            "ipv6_association_id": "",
            "ipv6_cidr_block": "",
            "ipv6_cidr_block_network_border_group": "",
            "ipv6_ipam_pool_id": "",
            "ipv6_netmask_length": 0,
            "main_route_table_id": "rtb-0ffbfc0f0ea2a3680",
            "owner_id": "708753061793",
            "tags": {
              "Name": "vpc_for_web_server"
            },
            "tags_all": {
              "Name": "vpc_for_web_server"
            }
          },
          "sensitive_attributes": [],
          "private": "eyJzY2hlbWFfdmVyc2lvbiI6IjEifQ=="
        }
      ]
    },
    {
      "module": "module.key_pair",
      "mode": "managed",
      "type": "aws_key_pair",
      "name": "my_key",
      "provider": "provider[\"registry.terraform.io/hashicorp/aws\"]",
      "instances": [
        {
          "schema_version": 1,
          "attributes": {
            "arn": "arn:aws:ec2:eu-west-1:708753061793:key-pair/my-key-pair",
            "fingerprint": "58:3b:06:6c:f2:df:15:73:1c:52:f2:1f:a4:a2:cf:1f",
            "id": "my-key-pair",
            "key_name": "my-key-pair",
            "key_name_prefix": "",
            "key_pair_id": "key-033748df232b73030",
            "key_type": "rsa",
            "public_key": "ssh-rsa AAAAB3NzaC1yc2EAAAADAQABAAACAQDDhpzIQIxoTqaJQWTb4Vv83GBwB5IVya4/T1aL80Gb+olBpQXaVsFnosy1iPK+XJD252dGPyU08g9VuVL/QeRql8CwxUHqgPZ5pyLz+qGAwAs6elv3kfoWEG8NvS/Lf2yS6wijtG8y4YOFSBrVWVUpD6tkQZ81NaK0yfHGPJfRrIc9+1rz2BtmTyL1xT6Qz8K5byU5Q9EKQurAW9hslNcJe0IMjHGRkPQBViarR8BBbrUx2NdYWFzSnErEkxH+tntobEWdzl0+M0ABnElFT8Wl7of3zec9KHCFiadqomc1lUiV5QHfRhOYuUkGecCBi/3OfFBAg7wEnIpdECE1N/SbHdFSKUPlxnXDP8DIUrk9QS6QBoL/ZkVehDbUM67qx7P2COB/uAOiwaNxfNH/tbm/rBaxFzq5V9SaDNkmRkzAnwxzqgORLYPAdXRQqFE4BgnaSqQFuNO9XCc/3pLEDtKMVRka4RC21W7+V+0zmUI8DQ/3yGS9ehSyMEo1zLt+/GX/YZqpLj4Y5DZzaKtMMcXXHniZTskheQjFyKnCqsKlbr9SgzSr0IkI8bXzyd++k/zqBDzYSuggHrFV7KWREWNhtMT0+cYpIJP/sT62SY9M61hr/phZAv/0mo5xORmKAd0BY74k8VBtTm42ctgUVHMEpwwxHAYdKru4XFZrNu3ocw== user@MSI",
            "tags": {},
            "tags_all": {}
          },
          "sensitive_attributes": [],
          "private": "eyJzY2hlbWFfdmVyc2lvbiI6IjEifQ=="
        }
      ]
    },
    {
      "module": "module.security_group",
      "mode": "managed",
      "type": "aws_security_group",
      "name": "http_ssh_access",
      "provider": "provider[\"registry.terraform.io/hashicorp/aws\"]",
      "instances": [
        {
          "schema_version": 1,
          "attributes": {
            "arn": "arn:aws:ec2:eu-west-1:708753061793:security-group/sg-035ac4eeb829a5ef4",
            "description": "can aceess this server from http and ssh",
            "egress": [
              {
                "cidr_blocks": [
                  "0.0.0.0/0"
                ],
                "description": "",
                "from_port": 0,
                "ipv6_cidr_blocks": [],
                "prefix_list_ids": [],
                "protocol": "-1",
                "security_groups": [],
                "self": false,
                "to_port": 0
              }
            ],
            "id": "sg-035ac4eeb829a5ef4",
            "ingress": [
              {
                "cidr_blocks": [
                  "0.0.0.0/0"
                ],
                "description": "",
                "from_port": 22,
                "ipv6_cidr_blocks": [],
                "prefix_list_ids": [],
                "protocol": "tcp",
                "security_groups": [],
                "self": false,
                "to_port": 22
              },
              {
                "cidr_blocks": [
                  "0.0.0.0/0"
                ],
                "description": "",
                "from_port": 80,
                "ipv6_cidr_blocks": [],
                "prefix_list_ids": [],
                "protocol": "tcp",
                "security_groups": [],
                "self": false,
                "to_port": 80
              }
            ],
            "name": "http_ssh_access",
            "name_prefix": "",
            "owner_id": "708753061793",
            "revoke_rules_on_delete": false,
            "tags": {},
            "tags_all": {},
            "timeouts": null,
            "vpc_id": "vpc-0a482a3b8c98429f0"
          },
          "sensitive_attributes": [],
          "private": "eyJlMmJmYjczMC1lY2FhLTExZTYtOGY4OC0zNDM2M2JjN2M0YzAiOnsiY3JlYXRlIjo2MDAwMDAwMDAwMDAsImRlbGV0ZSI6OTAwMDAwMDAwMDAwfSwic2NoZW1hX3ZlcnNpb24iOiIxIn0=",
          "dependencies": [
            "module.VPC.aws_vpc.vpc_for_web_server"
          ]
        }
      ]
    }
  ],
  "check_results": null
}
